
Microsoft Visual Studio Solution File, Format Version 12.00
# Visual Studio Version 17
VisualStudioVersion = 17.6.33723.286
MinimumVisualStudioVersion = 10.0.40219.1
Project("{FAE04EC0-301F-11D3-BF4B-00C04F79EFBC}") = "ProjetoAPIWebASPNETCoreC", "ProjetoAPIWebASPNETCoreC\ProjetoAPIWebASPNETCoreC.csproj", "{7F1C7113-E61B-4D80-98DE-570541154DF1}"
EndProject
Global
	GlobalSection(SolutionConfigurationPlatforms) = preSolution
		Debug|Any CPU = Debug|Any CPU
		Release|Any CPU = Release|Any CPU
	EndGlobalSection
	GlobalSection(ProjectConfigurationPlatforms) = postSolution
		{7F1C7113-E61B-4D80-98DE-570541154DF1}.Debug|Any CPU.ActiveCfg = Debug|Any CPU
		{7F1C7113-E61B-4D80-98DE-570541154DF1}.Debug|Any CPU.Build.0 = Debug|Any CPU
		{7F1C7113-E61B-4D80-98DE-570541154DF1}.Release|Any CPU.ActiveCfg = Release|Any CPU
		{7F1C7113-E61B-4D80-98DE-570541154DF1}.Release|Any CPU.Build.0 = Release|Any CPU
	EndGlobalSection
	GlobalSection(SolutionProperties) = preSolution
		HideSolutionNode = FALSE
	EndGlobalSection
	GlobalSection(ExtensibilityGlobals) = postSolution
		SolutionGuid = {BC318014-1930-4F58-8FD8-297772E1E88A}
	EndGlobalSection
EndGlobal
